
Microsoft Visual Studio Solution File, Format Version 12.00
# Visual Studio Version 16
VisualStudioVersion = 16.0.32126.315
MinimumVisualStudioVersion = 10.0.40219.1
Project("{2150E333-8FDC-42A3-9474-1A3956D46DE8}") = "Services", "Services", "{ACA38997-C0FE-4824-BD3B-7092A815AB8A}"
EndProject
Project("{2150E333-8FDC-42A3-9474-1A3956D46DE8}") = "Catalog", "Catalog", "{AC5F8C32-88A6-4F5B-A079-F0CE5381F92B}"
EndProject
Project("{9A19103F-16F7-4668-BE54-9A1E7A4F7556}") = "Catalog.API", "Services\Catalog\Catalog.API\Catalog.API.csproj", "{14ED04E3-021B-43BA-B329-32A77C63533E}"
EndProject
Project("{E53339B2-1760-4266-BCC7-CA923CBCF16C}") = "docker-compose", "docker-compose.dcproj", "{F1B25FF8-21D1-4E03-915E-A84CD62EABA6}"
EndProject
Project("{2150E333-8FDC-42A3-9474-1A3956D46DE8}") = "Basket", "Basket", "{250574A0-3DAA-4403-96A2-3BFEAA7C98EF}"
EndProject
Project("{9A19103F-16F7-4668-BE54-9A1E7A4F7556}") = "Basket.API", "Services\Basket\Basket.API\Basket.API.csproj", "{EF82599B-09E2-4C90-A836-1A44914A6157}"
EndProject
Project("{2150E333-8FDC-42A3-9474-1A3956D46DE8}") = "Discount", "Discount", "{CC945821-1709-4C18-AE57-AF63EDA48080}"
EndProject
Project("{9A19103F-16F7-4668-BE54-9A1E7A4F7556}") = "Discount.API", "Services\Discount\Discount.API\Discount.API.csproj", "{1C941947-FFB8-485F-8374-C24F77F349C3}"
EndProject
Project("{9A19103F-16F7-4668-BE54-9A1E7A4F7556}") = "Discount.Grpc", "Services\Discount\Discount.Grpc\Discount.Grpc.csproj", "{DB265954-BDD6-476C-8676-B857AAABE2B8}"
EndProject
Project("{2150E333-8FDC-42A3-9474-1A3956D46DE8}") = "Ordering", "Ordering", "{E0710578-15F9-495C-8426-C0BA562778FC}"
EndProject
Project("{FAE04EC0-301F-11D3-BF4B-00C04F79EFBC}") = "Ordering.API", "Services\Ordering\Ordering.API\Ordering.API.csproj", "{FF9E6F2A-4584-423C-AF94-EDF062D0C572}"
EndProject
Global
	GlobalSection(SolutionConfigurationPlatforms) = preSolution
		Debug|Any CPU = Debug|Any CPU
		Release|Any CPU = Release|Any CPU
	EndGlobalSection
	GlobalSection(ProjectConfigurationPlatforms) = postSolution
		{14ED04E3-021B-43BA-B329-32A77C63533E}.Debug|Any CPU.ActiveCfg = Debug|Any CPU
		{14ED04E3-021B-43BA-B329-32A77C63533E}.Debug|Any CPU.Build.0 = Debug|Any CPU
		{14ED04E3-021B-43BA-B329-32A77C63533E}.Release|Any CPU.ActiveCfg = Release|Any CPU
		{14ED04E3-021B-43BA-B329-32A77C63533E}.Release|Any CPU.Build.0 = Release|Any CPU
		{F1B25FF8-21D1-4E03-915E-A84CD62EABA6}.Debug|Any CPU.ActiveCfg = Debug|Any CPU
		{F1B25FF8-21D1-4E03-915E-A84CD62EABA6}.Debug|Any CPU.Build.0 = Debug|Any CPU
		{F1B25FF8-21D1-4E03-915E-A84CD62EABA6}.Release|Any CPU.ActiveCfg = Release|Any CPU
		{F1B25FF8-21D1-4E03-915E-A84CD62EABA6}.Release|Any CPU.Build.0 = Release|Any CPU
		{EF82599B-09E2-4C90-A836-1A44914A6157}.Debug|Any CPU.ActiveCfg = Debug|Any CPU
		{EF82599B-09E2-4C90-A836-1A44914A6157}.Debug|Any CPU.Build.0 = Debug|Any CPU
		{EF82599B-09E2-4C90-A836-1A44914A6157}.Release|Any CPU.ActiveCfg = Release|Any CPU
		{EF82599B-09E2-4C90-A836-1A44914A6157}.Release|Any CPU.Build.0 = Release|Any CPU
		{1C941947-FFB8-485F-8374-C24F77F349C3}.Debug|Any CPU.ActiveCfg = Debug|Any CPU
		{1C941947-FFB8-485F-8374-C24F77F349C3}.Debug|Any CPU.Build.0 = Debug|Any CPU
		{1C941947-FFB8-485F-8374-C24F77F349C3}.Release|Any CPU.ActiveCfg = Release|Any CPU
		{1C941947-FFB8-485F-8374-C24F77F349C3}.Release|Any CPU.Build.0 = Release|Any CPU
		{DB265954-BDD6-476C-8676-B857AAABE2B8}.Debug|Any CPU.ActiveCfg = Debug|Any CPU
		{DB265954-BDD6-476C-8676-B857AAABE2B8}.Debug|Any CPU.Build.0 = Debug|Any CPU
		{DB265954-BDD6-476C-8676-B857AAABE2B8}.Release|Any CPU.ActiveCfg = Release|Any CPU
		{DB265954-BDD6-476C-8676-B857AAABE2B8}.Release|Any CPU.Build.0 = Release|Any CPU
		{FF9E6F2A-4584-423C-AF94-EDF062D0C572}.Debug|Any CPU.ActiveCfg = Debug|Any CPU
		{FF9E6F2A-4584-423C-AF94-EDF062D0C572}.Debug|Any CPU.Build.0 = Debug|Any CPU
		{FF9E6F2A-4584-423C-AF94-EDF062D0C572}.Release|Any CPU.ActiveCfg = Release|Any CPU
		{FF9E6F2A-4584-423C-AF94-EDF062D0C572}.Release|Any CPU.Build.0 = Release|Any CPU
	EndGlobalSection
	GlobalSection(SolutionProperties) = preSolution
		HideSolutionNode = FALSE
	EndGlobalSection
	GlobalSection(NestedProjects) = preSolution
		{AC5F8C32-88A6-4F5B-A079-F0CE5381F92B} = {ACA38997-C0FE-4824-BD3B-7092A815AB8A}
		{14ED04E3-021B-43BA-B329-32A77C63533E} = {AC5F8C32-88A6-4F5B-A079-F0CE5381F92B}
		{250574A0-3DAA-4403-96A2-3BFEAA7C98EF} = {ACA38997-C0FE-4824-BD3B-7092A815AB8A}
		{EF82599B-09E2-4C90-A836-1A44914A6157} = {250574A0-3DAA-4403-96A2-3BFEAA7C98EF}
		{CC945821-1709-4C18-AE57-AF63EDA48080} = {ACA38997-C0FE-4824-BD3B-7092A815AB8A}
		{1C941947-FFB8-485F-8374-C24F77F349C3} = {CC945821-1709-4C18-AE57-AF63EDA48080}
		{DB265954-BDD6-476C-8676-B857AAABE2B8} = {CC945821-1709-4C18-AE57-AF63EDA48080}
		{E0710578-15F9-495C-8426-C0BA562778FC} = {ACA38997-C0FE-4824-BD3B-7092A815AB8A}
		{FF9E6F2A-4584-423C-AF94-EDF062D0C572} = {E0710578-15F9-495C-8426-C0BA562778FC}
	EndGlobalSection
	GlobalSection(ExtensibilityGlobals) = postSolution
		SolutionGuid = {9F5B7C89-BB64-4378-963E-34626BE710F0}
	EndGlobalSection
EndGlobal
